
Microsoft Visual Studio Solution File, Format Version 12.00
# Visual Studio Version 16
VisualStudioVersion = 16.0.31613.86
MinimumVisualStudioVersion = 10.0.40219.1
Project("{9A19103F-16F7-4668-BE54-9A1E7A4F7556}") = "EntityLayer", "..\EntityLayer\EntityLayer.csproj", "{E586AFE4-9491-474C-8D8F-AAB1266760EF}"
EndProject
Project("{9A19103F-16F7-4668-BE54-9A1E7A4F7556}") = "DataAccessLayer", "..\DataAccessLayer\DataAccessLayer.csproj", "{D53C88B1-3B13-4192-A3FA-7C4619DDC550}"
EndProject
Project("{9A19103F-16F7-4668-BE54-9A1E7A4F7556}") = "BusinessLayer", "..\BusinessLayer\BusinessLayer.csproj", "{6232BCAD-44F1-48F6-91A3-B4F4C21A143E}"
EndProject
Project("{9A19103F-16F7-4668-BE54-9A1E7A4F7556}") = "CoreLayer", "..\CoreLayer\CoreLayer.csproj", "{F12ED603-7809-404E-97A8-92079D2FDA87}"
EndProject
Project("{FAE04EC0-301F-11D3-BF4B-00C04F79EFBC}") = "Blog", "Blog.csproj", "{8D1E4D7B-8630-4D1C-AB3E-236B5AE07782}"
EndProject
Global
	GlobalSection(SolutionConfigurationPlatforms) = preSolution
		Debug|Any CPU = Debug|Any CPU
		Release|Any CPU = Release|Any CPU
	EndGlobalSection
	GlobalSection(ProjectConfigurationPlatforms) = postSolution
		{E586AFE4-9491-474C-8D8F-AAB1266760EF}.Debug|Any CPU.ActiveCfg = Debug|Any CPU
		{E586AFE4-9491-474C-8D8F-AAB1266760EF}.Debug|Any CPU.Build.0 = Debug|Any CPU
		{E586AFE4-9491-474C-8D8F-AAB1266760EF}.Release|Any CPU.ActiveCfg = Release|Any CPU
		{E586AFE4-9491-474C-8D8F-AAB1266760EF}.Release|Any CPU.Build.0 = Release|Any CPU
		{D53C88B1-3B13-4192-A3FA-7C4619DDC550}.Debug|Any CPU.ActiveCfg = Debug|Any CPU
		{D53C88B1-3B13-4192-A3FA-7C4619DDC550}.Debug|Any CPU.Build.0 = Debug|Any CPU
		{D53C88B1-3B13-4192-A3FA-7C4619DDC550}.Release|Any CPU.ActiveCfg = Release|Any CPU
		{D53C88B1-3B13-4192-A3FA-7C4619DDC550}.Release|Any CPU.Build.0 = Release|Any CPU
		{6232BCAD-44F1-48F6-91A3-B4F4C21A143E}.Debug|Any CPU.ActiveCfg = Debug|Any CPU
		{6232BCAD-44F1-48F6-91A3-B4F4C21A143E}.Debug|Any CPU.Build.0 = Debug|Any CPU
		{6232BCAD-44F1-48F6-91A3-B4F4C21A143E}.Release|Any CPU.ActiveCfg = Release|Any CPU
		{6232BCAD-44F1-48F6-91A3-B4F4C21A143E}.Release|Any CPU.Build.0 = Release|Any CPU
		{F12ED603-7809-404E-97A8-92079D2FDA87}.Debug|Any CPU.ActiveCfg = Debug|Any CPU
		{F12ED603-7809-404E-97A8-92079D2FDA87}.Debug|Any CPU.Build.0 = Debug|Any CPU
		{F12ED603-7809-404E-97A8-92079D2FDA87}.Release|Any CPU.ActiveCfg = Release|Any CPU
		{F12ED603-7809-404E-97A8-92079D2FDA87}.Release|Any CPU.Build.0 = Release|Any CPU
		{8D1E4D7B-8630-4D1C-AB3E-236B5AE07782}.Debug|Any CPU.ActiveCfg = Debug|Any CPU
		{8D1E4D7B-8630-4D1C-AB3E-236B5AE07782}.Debug|Any CPU.Build.0 = Debug|Any CPU
		{8D1E4D7B-8630-4D1C-AB3E-236B5AE07782}.Release|Any CPU.ActiveCfg = Release|Any CPU
		{8D1E4D7B-8630-4D1C-AB3E-236B5AE07782}.Release|Any CPU.Build.0 = Release|Any CPU
	EndGlobalSection
	GlobalSection(SolutionProperties) = preSolution
		HideSolutionNode = FALSE
	EndGlobalSection
	GlobalSection(ExtensibilityGlobals) = postSolution
		SolutionGuid = {55AAC6DD-A828-419A-BF5F-9F50D54519B8}
	EndGlobalSection
EndGlobal
